
Microsoft Visual Studio Solution File, Format Version 12.00
# Visual Studio Version 17
VisualStudioVersion = 17.5.002.0
MinimumVisualStudioVersion = 10.0.40219.1
Project("{9A19103F-16F7-4668-BE54-9A1E7A4F7556}") = "RodriguezMStudentDataBase", "RodriguezMStudentDataBase.csproj", "{1E1940CC-404C-4840-B3E0-BC6BBC8203EE}"
EndProject
Global
	GlobalSection(SolutionConfigurationPlatforms) = preSolution
		Debug|Any CPU = Debug|Any CPU
		Release|Any CPU = Release|Any CPU
	EndGlobalSection
	GlobalSection(ProjectConfigurationPlatforms) = postSolution
		{1E1940CC-404C-4840-B3E0-BC6BBC8203EE}.Debug|Any CPU.ActiveCfg = Debug|Any CPU
		{1E1940CC-404C-4840-B3E0-BC6BBC8203EE}.Debug|Any CPU.Build.0 = Debug|Any CPU
		{1E1940CC-404C-4840-B3E0-BC6BBC8203EE}.Release|Any CPU.ActiveCfg = Release|Any CPU
		{1E1940CC-404C-4840-B3E0-BC6BBC8203EE}.Release|Any CPU.Build.0 = Release|Any CPU
	EndGlobalSection
	GlobalSection(SolutionProperties) = preSolution
		HideSolutionNode = FALSE
	EndGlobalSection
	GlobalSection(ExtensibilityGlobals) = postSolution
		SolutionGuid = {95DD67E7-393A-4FD5-9017-09DA477BA1DE}
	EndGlobalSection
EndGlobal
